
Microsoft Visual Studio Solution File, Format Version 12.00
# Visual Studio Version 17
VisualStudioVersion = 17.7.34202.233
MinimumVisualStudioVersion = 10.0.40219.1
Project("{FAE04EC0-301F-11D3-BF4B-00C04F79EFBC}") = "DE_TallerTabla2", "DE_TallerTabla2.csproj", "{F4E1DE53-819E-43FF-8878-565C3EAD0A59}"
EndProject
Global
	GlobalSection(SolutionConfigurationPlatforms) = preSolution
		Debug|Any CPU = Debug|Any CPU
		Release|Any CPU = Release|Any CPU
	EndGlobalSection
	GlobalSection(ProjectConfigurationPlatforms) = postSolution
		{F4E1DE53-819E-43FF-8878-565C3EAD0A59}.Debug|Any CPU.ActiveCfg = Debug|Any CPU
		{F4E1DE53-819E-43FF-8878-565C3EAD0A59}.Debug|Any CPU.Build.0 = Debug|Any CPU
		{F4E1DE53-819E-43FF-8878-565C3EAD0A59}.Release|Any CPU.ActiveCfg = Release|Any CPU
		{F4E1DE53-819E-43FF-8878-565C3EAD0A59}.Release|Any CPU.Build.0 = Release|Any CPU
	EndGlobalSection
	GlobalSection(SolutionProperties) = preSolution
		HideSolutionNode = FALSE
	EndGlobalSection
	GlobalSection(ExtensibilityGlobals) = postSolution
		SolutionGuid = {DF734786-37A8-49B3-AAE0-2E91F51FBB2D}
	EndGlobalSection
EndGlobal
